
Microsoft Visual Studio Solution File, Format Version 12.00
# Visual Studio Version 16
VisualStudioVersion = 16.0.32106.194
MinimumVisualStudioVersion = 10.0.40219.1
Project("{FAE04EC0-301F-11D3-BF4B-00C04F79EFBC}") = "символы регистров", "символы регистров\символы регистров.csproj", "{485B4E43-6060-4A08-B202-25BFC765CB89}"
EndProject
Global
	GlobalSection(SolutionConfigurationPlatforms) = preSolution
		Debug|Any CPU = Debug|Any CPU
		Release|Any CPU = Release|Any CPU
	EndGlobalSection
	GlobalSection(ProjectConfigurationPlatforms) = postSolution
		{485B4E43-6060-4A08-B202-25BFC765CB89}.Debug|Any CPU.ActiveCfg = Debug|Any CPU
		{485B4E43-6060-4A08-B202-25BFC765CB89}.Debug|Any CPU.Build.0 = Debug|Any CPU
		{485B4E43-6060-4A08-B202-25BFC765CB89}.Release|Any CPU.ActiveCfg = Release|Any CPU
		{485B4E43-6060-4A08-B202-25BFC765CB89}.Release|Any CPU.Build.0 = Release|Any CPU
	EndGlobalSection
	GlobalSection(SolutionProperties) = preSolution
		HideSolutionNode = FALSE
	EndGlobalSection
	GlobalSection(ExtensibilityGlobals) = postSolution
		SolutionGuid = {63B36215-EEAC-479E-8F89-8C4DBA8645E4}
	EndGlobalSection
EndGlobal
